{
    "_readme": [
        "This file locks the dependencies of your project to a known state",
        "Read more about it at https://getcomposer.org/doc/01-basic-usage.md#installing-dependencies",
        "This file is @generated automatically"
    ],
    "content-hash": "0b71f7ef93511604d037f103b874cb86",
    "packages": [
        {
            "name": "jawira/plantuml-encoding",
            "version": "v1.1.0",
            "source": {
                "type": "git",
                "url": "https://github.com/jawira/plantuml-encoding.git",
                "reference": "cec097dfc062e7e13655d9594eacce5f9df639ad"
            },
            "dist": {
                "type": "zip",
                "url": "https://api.github.com/repos/jawira/plantuml-encoding/zipball/cec097dfc062e7e13655d9594eacce5f9df639ad",
                "reference": "cec097dfc062e7e13655d9594eacce5f9df639ad",
                "shasum": ""
            },
            "require": {
                "ext-zlib": "*",
                "php": ">=7.0"
            },
            "require-dev": {
                "jawira/skeleton": "^2.14",
                "phpstan/phpstan": "^1.0",
                "vimeo/psalm": "^4.0"
            },
            "type": "library",
            "autoload": {
                "files": [
                    "src/plantuml_functions.php"
                ]
            },
            "notification-url": "https://packagist.org/downloads/",
            "license": [
                "MIT"
            ],
            "authors": [
                {
                    "name": "Jawira Portugal",
                    "homepage": "https://jawira.com"
                }
            ],
            "description": "PlantUML encoding functions",
            "keywords": [
                "encodep",
                "encoding",
                "functions",
                "plantuml",
                "uml"
            ],
            "support": {
                "issues": "https://github.com/jawira/plantuml-encoding/issues",
                "source": "https://github.com/jawira/plantuml-encoding/tree/v1.1.0"
            },
            "time": "2022-05-31T18:58:21+00:00"
        }
    ],
    "packages-dev": [
        {
            "name": "friendsofphp/php-cs-fixer",
            "version": "v3.6.0",
            "source": {
                "type": "git",
                "url": "https://github.com/FriendsOfPHP/PHP-CS-Fixer.git",
                "reference": "1975e4453eb2726d1f50da0ce7fa91295029a4fa"
            },
            "dist": {
                "type": "zip",
                "url": "https://api.github.com/repos/FriendsOfPHP/PHP-CS-Fixer/zipball/1975e4453eb2726d1f50da0ce7fa91295029a4fa",
                "reference": "1975e4453eb2726d1f50da0ce7fa91295029a4fa",
                "shasum": ""
            },
            "require": {
                "composer/semver": "^3.2",
                "composer/xdebug-handler": "^3.0",
                "doctrine/annotations": "^1.13",
                "ext-json": "*",
                "ext-tokenizer": "*",
                "php": "^7.4 || ^8.0",
                "php-cs-fixer/diff": "^2.0",
                "symfony/console": "^5.4 || ^6.0",
                "symfony/event-dispatcher": "^5.4 || ^6.0",
                "symfony/filesystem": "^5.4 || ^6.0",
                "symfony/finder": "^5.4 || ^6.0",
                "symfony/options-resolver": "^5.4 || ^6.0",
                "symfony/polyfill-mbstring": "^1.23",
                "symfony/polyfill-php80": "^1.23",
                "symfony/polyfill-php81": "^1.23",
                "symfony/process": "^5.4 || ^6.0",
                "symfony/stopwatch": "^5.4 || ^6.0"
            },
            "require-dev": {
                "justinrainbow/json-schema": "^5.2",
                "keradus/cli-executor": "^1.5",
                "mikey179/vfsstream": "^1.6.10",
                "php-coveralls/php-coveralls": "^2.5.2",
                "php-cs-fixer/accessible-object": "^1.1",
                "php-cs-fixer/phpunit-constraint-isidenticalstring": "^1.2",
                "php-cs-fixer/phpunit-constraint-xmlmatchesxsd": "^1.2.1",
                "phpspec/prophecy": "^1.15",
                "phpspec/prophecy-phpunit": "^2.0",
                "phpunit/phpunit": "^9.5",
                "phpunitgoodpractices/polyfill": "^1.5",
                "phpunitgoodpractices/traits": "^1.9.1",
                "symfony/phpunit-bridge": "^6.0",
                "symfony/yaml": "^5.4 || ^6.0"
            },
            "suggest": {
                "ext-dom": "For handling output formats in XML",
                "ext-mbstring": "For handling non-UTF8 characters."
            },
            "bin": [
                "php-cs-fixer"
            ],
            "type": "application",
            "autoload": {
                "psr-4": {
                    "PhpCsFixer\\": "src/"
                }
            },
            "notification-url": "https://packagist.org/downloads/",
            "license": [
                "MIT"
            ],
            "authors": [
                {
                    "name": "Fabien Potencier",
                    "email": "fabien@symfony.com"
                },
                {
                    "name": "Dariusz Rumiński",
                    "email": "dariusz.ruminski@gmail.com"
                }
            ],
            "description": "A tool to automatically fix PHP code style",
            "support": {
                "issues": "https://github.com/FriendsOfPHP/PHP-CS-Fixer/issues",
                "source": "https://github.com/FriendsOfPHP/PHP-CS-Fixer/tree/v3.6.0"
            },
            "funding": [
                {
                    "url": "https://github.com/keradus",
                    "type": "github"
                }
            ],
            "time": "2022-02-07T18:02:40+00:00"
        },
        {
            "name": "php-cs-fixer/diff",
            "version": "v2.0.2",
            "source": {
                "type": "git",
                "url": "https://github.com/PHP-CS-Fixer/diff.git",
                "reference": "29dc0d507e838c4580d018bd8b5cb412474f7ec3"
            },
            "dist": {
                "type": "zip",
                "url": "https://api.github.com/repos/PHP-CS-Fixer/diff/zipball/29dc0d507e838c4580d018bd8b5cb412474f7ec3",
                "reference": "29dc0d507e838c4580d018bd8b5cb412474f7ec3",
                "shasum": ""
            },
            "require": {
                "php": "^5.6 || ^7.0 || ^8.0"
            },
            "require-dev": {
                "phpunit/phpunit": "^5.7.23 || ^6.4.3 || ^7.0",
                "symfony/process": "^3.3"
            },
            "type": "library",
            "autoload": {
                "classmap": [
                    "src/"
                ]
            },
            "notification-url": "https://packagist.org/downloads/",
            "license": [
                "BSD-3-Clause"
            ],
            "authors": [
                {
                    "name": "Sebastian Bergmann",
                    "email": "sebastian@phpunit.de"
                },
                {
                    "name": "Kore Nordmann",
                    "email": "mail@kore-nordmann.de"
                }
            ],
            "description": "sebastian/diff v3 backport support for PHP 5.6+",
            "homepage": "https://github.com/PHP-CS-Fixer",
            "keywords": [
                "diff"
            ],
            "support": {
                "issues": "https://github.com/PHP-CS-Fixer/diff/issues",
                "source": "https://github.com/PHP-CS-Fixer/diff/tree/v2.0.2"
            },
            "abandoned": true,
            "time": "2020-10-14T08:32:19+00:00"
        }
    ],
    "aliases": [],
    "minimum-stability": "stable",
    "stability-flags": [],
    "prefer-stable": false,
    "prefer-lowest": false,
    "platform": [],
    "platform-dev": [],
    "plugin-api-version": "2.3.0"
}
